// !$*UTF8*$!
{
	archiveVersion = 1;
	classes = {
	};
	objectVersion = 48;
	objects = {

/* Begin PBXBuildFile section */
		41C3F6852012A6E300D1C588 /* AppDelegate.swift in Sources */ = {isa = PBXBuildFile; fileRef = 41C3F6842012A6E300D1C588 /* AppDelegate.swift */; };
		41C3F6872012A6E300D1C588 /* ViewController.swift in Sources */ = {isa = PBXBuildFile; fileRef = 41C3F6862012A6E300D1C588 /* ViewController.swift */; };
		41C3F68A2012A6E300D1C588 /* Main.storyboard in Resources */ = {isa = PBXBuildFile; fileRef = 41C3F6882012A6E300D1C588 /* Main.storyboard */; };
		41C3F68C2012A6E300D1C588 /* Assets.xcassets in Resources */ = {isa = PBXBuildFile; fileRef = 41C3F68B2012A6E300D1C588 /* Assets.xcassets */; };
		41C3F68F2012A6E300D1C588 /* LaunchScreen.storyboard in Resources */ = {isa = PBXBuildFile; fileRef = 41C3F68D2012A6E300D1C588 /* LaunchScreen.storyboard */; };
/* End PBXBuildFile section */

/* Begin PBXFileReference section */
		41C3F6812012A6E300D1C588 /* Animations gallery.app */ = {isa = PBXFileReference; explicitFileType = wrapper.application; includeInIndex = 0; path = "Animations gallery.app"; sourceTree = BUILT_PRODUCTS_DIR; };
		41C3F6842012A6E300D1C588 /* AppDelegate.swift */ = {isa = PBXFileReference; lastKnownFileType = sourcecode.swift; path = AppDelegate.swift; sourceTree = "<group>"; };
		41C3F6862012A6E300D1C588 /* ViewController.swift */ = {isa = PBXFileReference; lastKnownFileType = sourcecode.swift; path = ViewController.swift; sourceTree = "<group>"; };
		41C3F6892012A6E300D1C588 /* Base */ = {isa = PBXFileReference; lastKnownFileType = file.storyboard; name = Base; path = Base.lproj/Main.storyboard; sourceTree = "<group>"; };
		41C3F68B2012A6E300D1C588 /* Assets.xcassets */ = {isa = PBXFileReference; lastKnownFileType = folder.assetcatalog; path = Assets.xcassets; sourceTree = "<group>"; };
		41C3F68E2012A6E300D1C588 /* Base */ = {isa = PBXFileReference; lastKnownFileType = file.storyboard; name = Base; path = Base.lproj/LaunchScreen.storyboard; sourceTree = "<group>"; };
		41C3F6902012A6E300D1C588 /* Info.plist */ = {isa = PBXFileReference; lastKnownFileType = text.plist.xml; path = Info.plist; sourceTree = "<group>"; };
/* End PBXFileReference section */

/* Begin PBXFrameworksBuildPhase section */
		41C3F67E2012A6E300D1C588 /* Frameworks */ = {
			isa = PBXFrameworksBuildPhase;
			buildActionMask = 2147483647;
			files = (
			);
			runOnlyForDeploymentPostprocessing = 0;
		};
/* End PBXFrameworksBuildPhase section */

/* Begin PBXGroup section */
		41C3F6782012A6E300D1C588 = {
			isa = PBXGroup;
			children = (
				41C3F6832012A6E300D1C588 /* Animations gallery */,
				41C3F6822012A6E300D1C588 /* Products */,
			);
			sourceTree = "<group>";
		};
		41C3F6822012A6E300D1C588 /* Products */ = {
			isa = PBXGroup;
			children = (
				41C3F6812012A6E300D1C588 /* Animations gallery.app */,
			);
			name = Products;
			sourceTree = "<group>";
		};
		41C3F6832012A6E300D1C588 /* Animations gallery */ = {
			isa = PBXGroup;
			children = (
				41C3F6842012A6E300D1C588 /* AppDelegate.swift */,
				41C3F6862012A6E300D1C588 /* ViewController.swift */,
				41C3F6882012A6E300D1C588 /* Main.storyboard */,
				41C3F68B2012A6E300D1C588 /* Assets.xcassets */,
				41C3F68D2012A6E300D1C588 /* LaunchScreen.storyboard */,
				41C3F6902012A6E300D1C588 /* Info.plist */,
			);
			path = "Animations gallery";
			sourceTree = "<group>";
		};
/* End PBXGroup section */

/* Begin PBXNativeTarget section */
		41C3F6802012A6E300D1C588 /* Animations gallery */ = {
			isa = PBXNativeTarget;
			buildConfigurationList = 41C3F6932012A6E300D1C588 /* Build configuration list for PBXNativeTarget "Animations gallery" */;
			buildPhases = (
				41C3F67D2012A6E300D1C588 /* Sources */,
				41C3F67E2012A6E300D1C588 /* Frameworks */,
				41C3F67F2012A6E300D1C588 /* Resources */,
			);
			buildRules = (
			);
			dependencies = (
			);
			name = "Animations gallery";
			productName = "Animations gallery";
			productReference = 41C3F6812012A6E300D1C588 /* Animations gallery.app */;
			productType = "com.apple.product-type.application";
		};
/* End PBXNativeTarget section */

/* Begin PBXProject section */
		41C3F6792012A6E300D1C588 /* Project object */ = {
			isa = PBXProject;
			attributes = {
				LastSwiftUpdateCheck = 0920;
				LastUpgradeCheck = 0920;
				ORGANIZATIONNAME = "Nataliia Koldaeva";
				TargetAttributes = {
					41C3F6802012A6E300D1C588 = {
						CreatedOnToolsVersion = 9.2;
						ProvisioningStyle = Automatic;
					};
				};
			};
			buildConfigurationList = 41C3F67C2012A6E300D1C588 /* Build configuration list for PBXProject "Animations gallery" */;
			compatibilityVersion = "Xcode 8.0";
			developmentRegion = en;
			hasScannedForEncodings = 0;
			knownRegions = (
				en,
				Base,
			);
			mainGroup = 41C3F6782012A6E300D1C588;
			productRefGroup = 41C3F6822012A6E300D1C588 /* Products */;
			projectDirPath = "";
			projectRoot = "";
			targets = (
				41C3F6802012A6E300D1C588 /* Animations gallery */,
			);
		};
/* End PBXProject section */

/* Begin PBXResourcesBuildPhase section */
		41C3F67F2012A6E300D1C588 /* Resources */ = {
			isa = PBXResourcesBuildPhase;
			buildActionMask = 2147483647;
			files = (
				41C3F68F2012A6E300D1C588 /* LaunchScreen.storyboard in Resources */,
				41C3F68C2012A6E300D1C588 /* Assets.xcassets in Resources */,
				41C3F68A2012A6E300D1C588 /* Main.storyboard in Resources */,
			);
			runOnlyForDeploymentPostprocessing = 0;
		};
/* End PBXResourcesBuildPhase section */

/* Begin PBXSourcesBuildPhase section */
		41C3F67D2012A6E300D1C588 /* Sources */ = {
			isa = PBXSourcesBuildPhase;
			buildActionMask = 2147483647;
			files = (
				41C3F6872012A6E300D1C588 /* ViewController.swift in Sources */,
				41C3F6852012A6E300D1C588 /* AppDelegate.swift in Sources */,
			);
			runOnlyForDeploymentPostprocessing = 0;
		};
/* End PBXSourcesBuildPhase section */

/* Begin PBXVariantGroup section */
		41C3F6882012A6E300D1C588 /* Main.storyboard */ = {
			isa = PBXVariantGroup;
			children = (
				41C3F6892012A6E300D1C588 /* Base */,
			);
			name = Main.storyboard;
			sourceTree = "<group>";
		};
		41C3F68D2012A6E300D1C588 /* LaunchScreen.storyboard */ = {
			isa = PBXVariantGroup;
			children = (
				41C3F68E2012A6E300D1C588 /* Base */,
			);
			name = LaunchScreen.storyboard;
			sourceTree = "<group>";
		};
/* End PBXVariantGroup section */

/* Begin XCBuildConfiguration section */
		41C3F6912012A6E300D1C588 /* Debug */ = {
			isa = XCBuildConfiguration;
			buildSettings = {
				ALWAYS_SEARCH_USER_PATHS = NO;
				CLANG_ANALYZER_NONNULL = YES;
				CLANG_ANALYZER_NUMBER_OBJECT_CONVERSION = YES_AGGRESSIVE;
				CLANG_CXX_LANGUAGE_STANDARD = "gnu++14";
				CLANG_CXX_LIBRARY = "libc++";
				CLANG_ENABLE_MODULES = YES;
				CLANG_ENABLE_OBJC_ARC = YES;
				CLANG_WARN_BLOCK_CAPTURE_AUTORELEASING = YES;
				CLANG_WARN_BOOL_CONVERSION = YES;
				CLANG_WARN_COMMA = YES;
				CLANG_WARN_CONSTANT_CONVERSION = YES;
				CLANG_WARN_DIRECT_OBJC_ISA_USAGE = YES_ERROR;
				CLANG_WARN_DOCUMENTATION_COMMENTS = YES;
				CLANG_WARN_EMPTY_BODY = YES;
				CLANG_WARN_ENUM_CONVERSION = YES;
				CLANG_WARN_INFINITE_RECURSION = YES;
				CLANG_WARN_INT_CONVERSION = YES;
				CLANG_WARN_NON_LITERAL_NULL_CONVERSION = YES;
				CLANG_WARN_OBJC_LITERAL_CONVERSION = YES;
				CLANG_WARN_OBJC_ROOT_CLASS = YES_ERROR;
				CLANG_WARN_RANGE_LOOP_ANALYSIS = YES;
				CLANG_WARN_STRICT_PROTOTYPES = YES;
				CLANG_WARN_SUSPICIOUS_MOVE = YES;
				CLANG_WARN_UNGUARDED_AVAILABILITY = YES_AGGRESSIVE;
				CLANG_WARN_UNREACHABLE_CODE = YES;
				CLANG_WARN__DUPLICATE_METHOD_MATCH = YES;
				CODE_SIGN_IDENTITY = "iPhone Developer";
				COPY_PHASE_STRIP = NO;
				DEBUG_INFORMATION_FORMAT = dwarf;
				ENABLE_STRICT_OBJC_MSGSEND = YES;
				ENABLE_TESTABILITY = YES;
				GCC_C_LANGUAGE_STANDARD = gnu11;
				GCC_DYNAMIC_NO_PIC = NO;
				GCC_NO_COMMON_BLOCKS = YES;
				GCC_OPTIMIZATION_LEVEL = 0;
				GCC_PREPROCESSOR_DEFINITIONS = (
					"DEBUG=1",
					"$(inherited)",
				);
				GCC_WARN_64_TO_32_BIT_CONVERSION = YES;
				GCC_WARN_ABOUT_RETURN_TYPE = YES_ERROR;
				GCC_WARN_UNDECLARED_SELECTOR = YES;
				GCC_WARN_UNINITIALIZED_AUTOS = YES_AGGRESSIVE;
				GCC_WARN_UNUSED_FUNCTION = YES;
				GCC_WARN_UNUSED_VARIABLE = YES;
				IPHONEOS_DEPLOYMENT_TARGET = 11.2;
				MTL_ENABLE_DEBUG_INFO = YES;
				ONLY_ACTIVE_ARCH = YES;
				SDKROOT = iphoneos;
				SWIFT_ACTIVE_COMPILATION_CONDITIONS = DEBUG;
				SWIFT_OPTIMIZATION_LEVEL = "-Onone";
			};
			name = Debug;
		};
		41C3F6922012A6E300D1C588 /* Release */ = {
			isa = XCBuildConfiguration;
			buildSettings = {
				ALWAYS_SEARCH_USER_PATHS = NO;
				CLANG_ANALYZER_NONNULL = YES;
				CLANG_ANALYZER_NUMBER_OBJECT_CONVERSION = YES_AGGRESSIVE;
				CLANG_CXX_LANGUAGE_STANDARD = "gnu++14";
				CLANG_CXX_LIBRARY = "libc++";
				CLANG_ENABLE_MODULES = YES;
				CLANG_ENABLE_OBJC_ARC = YES;
				CLANG_WARN_BLOCK_CAPTURE_AUTORELEASING = YES;
				CLANG_WARN_BOOL_CONVERSION = YES;
				CLANG_WARN_COMMA = YES;
				CLANG_WARN_CONSTANT_CONVERSION = YES;
				CLANG_WARN_DIRECT_OBJC_ISA_USAGE = YES_ERROR;
				CLANG_WARN_DOCUMENTATION_COMMENTS = YES;
				CLANG_WARN_EMPTY_BODY = YES;
				CLANG_WARN_ENUM_CONVERSION = YES;
				CLANG_WARN_INFINITE_RECURSION = YES;
				CLANG_WARN_INT_CONVERSION = YES;
				CLANG_WARN_NON_LITERAL_NULL_CONVERSION = YES;
				CLANG_WARN_OBJC_LITERAL_CONVERSION = YES;
				CLANG_WARN_OBJC_ROOT_CLASS = YES_ERROR;
				CLANG_WARN_RANGE_LOOP_ANALYSIS = YES;
				CLANG_WARN_STRICT_PROTOTYPES = YES;
				CLANG_WARN_SUSPICIOUS_MOVE = YES;
				CLANG_WARN_UNGUARDED_AVAILABILITY = YES_AGGRESSIVE;
				CLANG_WARN_UNREACHABLE_CODE = YES;
				CLANG_WARN__DUPLICATE_METHOD_MATCH = YES;
				CODE_SIGN_IDENTITY = "iPhone Developer";
				COPY_PHASE_STRIP = NO;
				DEBUG_INFORMATION_FORMAT = "dwarf-with-dsym";
				ENABLE_NS_ASSERTIONS = NO;
				ENABLE_STRICT_OBJC_MSGSEND = YES;
				GCC_C_LANGUAGE_STANDARD = gnu11;
				GCC_NO_COMMON_BLOCKS = YES;
				GCC_WARN_64_TO_32_BIT_CONVERSION = YES;
				GCC_WARN_ABOUT_RETURN_TYPE = YES_ERROR;
				GCC_WARN_UNDECLARED_SELECTOR = YES;
				GCC_WARN_UNINITIALIZED_AUTOS = YES_AGGRESSIVE;
				GCC_WARN_UNUSED_FUNCTION = YES;
				GCC_WARN_UNUSED_VARIABLE = YES;
				IPHONEOS_DEPLOYMENT_TARGET = 11.2;
				MTL_ENABLE_DEBUG_INFO = NO;
				SDKROOT = iphoneos;
				SWIFT_OPTIMIZATION_LEVEL = "-Owholemodule";
				VALIDATE_PRODUCT = YES;
			};
			name = Release;
		};
		41C3F6942012A6E300D1C588 /* Debug */ = {
			isa = XCBuildConfiguration;
			buildSettings = {
				ASSETCATALOG_COMPILER_APPICON_NAME = AppIcon;
				CODE_SIGN_STYLE = Automatic;
				DEVELOPMENT_TEAM = 8HHR648A45;
				INFOPLIST_FILE = "Animations gallery/Info.plist";
				LD_RUNPATH_SEARCH_PATHS = "$(inherited) @executable_path/Frameworks";
				PRODUCT_BUNDLE_IDENTIFIER = "codes.nata.DeleteCellFromTableView.Animations-gallery";
				PRODUCT_NAME = "$(TARGET_NAME)";
				SWIFT_VERSION = 4.0;
				TARGETED_DEVICE_FAMILY = "1,2";
			};
			name = Debug;
		};
		41C3F6952012A6E300D1C588 /* Release */ = {
			isa = XCBuildConfiguration;
			buildSettings = {
				ASSETCATALOG_COMPILER_APPICON_NAME = AppIcon;
				CODE_SIGN_STYLE = Automatic;
				DEVELOPMENT_TEAM = 8HHR648A45;
				INFOPLIST_FILE = "Animations gallery/Info.plist";
				LD_RUNPATH_SEARCH_PATHS = "$(inherited) @executable_path/Frameworks";
				PRODUCT_BUNDLE_IDENTIFIER = "codes.nata.DeleteCellFromTableView.Animations-gallery";
				PRODUCT_NAME = "$(TARGET_NAME)";
				SWIFT_VERSION = 4.0;
				TARGETED_DEVICE_FAMILY = "1,2";
			};
			name = Release;
		};
/* End XCBuildConfiguration section */

/* Begin XCConfigurationList section */
		41C3F67C2012A6E300D1C588 /* Build configuration list for PBXProject "Animations gallery" */ = {
			isa = XCConfigurationList;
			buildConfigurations = (
				41C3F6912012A6E300D1C588 /* Debug */,
				41C3F6922012A6E300D1C588 /* Release */,
			);
			defaultConfigurationIsVisible = 0;
			defaultConfigurationName = Release;
		};
		41C3F6932012A6E300D1C588 /* Build configuration list for PBXNativeTarget "Animations gallery" */ = {
			isa = XCConfigurationList;
			buildConfigurations = (
				41C3F6942012A6E300D1C588 /* Debug */,
				41C3F6952012A6E300D1C588 /* Release */,
			);
			defaultConfigurationIsVisible = 0;
			defaultConfigurationName = Release;
		};
/* End XCConfigurationList section */
	};
	rootObject = 41C3F6792012A6E300D1C588 /* Project object */;
}
